
Microsoft Visual Studio Solution File, Format Version 12.00
# Visual Studio Version 16
VisualStudioVersion = 16.0.31624.102
MinimumVisualStudioVersion = 10.0.40219.1
Project("{FAE04EC0-301F-11D3-BF4B-00C04F79EFBC}") = "SampleProject", "SampleProject\SampleProject.csproj", "{68763E11-0C6A-42F1-A351-0A0D7DED43BC}"
EndProject
Project("{FAE04EC0-301F-11D3-BF4B-00C04F79EFBC}") = "SampleProject.UnitTest", "SampleProject.UnitTest\SampleProject.UnitTest.csproj", "{DB379D4C-1E44-4E42-BD18-0004C6EBF760}"
EndProject
Global
	GlobalSection(SolutionConfigurationPlatforms) = preSolution
		Debug|Any CPU = Debug|Any CPU
		Release|Any CPU = Release|Any CPU
	EndGlobalSection
	GlobalSection(ProjectConfigurationPlatforms) = postSolution
		{68763E11-0C6A-42F1-A351-0A0D7DED43BC}.Debug|Any CPU.ActiveCfg = Debug|Any CPU
		{68763E11-0C6A-42F1-A351-0A0D7DED43BC}.Debug|Any CPU.Build.0 = Debug|Any CPU
		{68763E11-0C6A-42F1-A351-0A0D7DED43BC}.Release|Any CPU.ActiveCfg = Release|Any CPU
		{68763E11-0C6A-42F1-A351-0A0D7DED43BC}.Release|Any CPU.Build.0 = Release|Any CPU
		{DB379D4C-1E44-4E42-BD18-0004C6EBF760}.Debug|Any CPU.ActiveCfg = Debug|Any CPU
		{DB379D4C-1E44-4E42-BD18-0004C6EBF760}.Debug|Any CPU.Build.0 = Debug|Any CPU
		{DB379D4C-1E44-4E42-BD18-0004C6EBF760}.Release|Any CPU.ActiveCfg = Release|Any CPU
		{DB379D4C-1E44-4E42-BD18-0004C6EBF760}.Release|Any CPU.Build.0 = Release|Any CPU
	EndGlobalSection
	GlobalSection(SolutionProperties) = preSolution
		HideSolutionNode = FALSE
	EndGlobalSection
	GlobalSection(ExtensibilityGlobals) = postSolution
		SolutionGuid = {C4D81A97-0173-474B-A172-9DF460710332}
	EndGlobalSection
EndGlobal
